// !$*UTF8*$!
{
	archiveVersion = 1;
	classes = {
	};
	objectVersion = 56;
	objects = {

/* Begin PBXBuildFile section */
		0B256B0D2A73E2F100D9AADC /* SPConfetti.swift in Sources */ = {isa = PBXBuildFile; fileRef = 0B256AFC2A73E2F100D9AADC /* SPConfetti.swift */; };
		0B256B0E2A73E2F100D9AADC /* SPConfettiDelegate.swift in Sources */ = {isa = PBXBuildFile; fileRef = 0B256AFD2A73E2F100D9AADC /* SPConfettiDelegate.swift */; };
		0B256B0F2A73E2F100D9AADC /* Assets.xcassets in Resources */ = {isa = PBXBuildFile; fileRef = 0B256AFF2A73E2F100D9AADC /* Assets.xcassets */; };
		0B256B102A73E2F100D9AADC /* SPConfettiConfiguration.swift in Sources */ = {isa = PBXBuildFile; fileRef = 0B256B012A73E2F100D9AADC /* SPConfettiConfiguration.swift */; };
		0B256B112A73E2F100D9AADC /* SPConfettiParticle.swift in Sources */ = {isa = PBXBuildFile; fileRef = 0B256B022A73E2F100D9AADC /* SPConfettiParticle.swift */; };
		0B256B122A73E2F100D9AADC /* SPConfettiAnimation.swift in Sources */ = {isa = PBXBuildFile; fileRef = 0B256B032A73E2F100D9AADC /* SPConfettiAnimation.swift */; };
		0B256B132A73E2F100D9AADC /* SPConfettiParticlesConfig.swift in Sources */ = {isa = PBXBuildFile; fileRef = 0B256B042A73E2F100D9AADC /* SPConfettiParticlesConfig.swift */; };
		0B256B142A73E2F100D9AADC /* Delay.swift in Sources */ = {isa = PBXBuildFile; fileRef = 0B256B062A73E2F100D9AADC /* Delay.swift */; };
		0B256B152A73E2F100D9AADC /* UIImageExtension.swift in Sources */ = {isa = PBXBuildFile; fileRef = 0B256B072A73E2F100D9AADC /* UIImageExtension.swift */; };
		0B256B162A73E2F100D9AADC /* SPConfettiView.swift in Sources */ = {isa = PBXBuildFile; fileRef = 0B256B082A73E2F100D9AADC /* SPConfettiView.swift */; };
		0B256B172A73E2F100D9AADC /* Images.swift in Sources */ = {isa = PBXBuildFile; fileRef = 0B256B0A2A73E2F100D9AADC /* Images.swift */; };
		0B256B182A73E2F100D9AADC /* SPConfettiModifier.swift in Sources */ = {isa = PBXBuildFile; fileRef = 0B256B0C2A73E2F100D9AADC /* SPConfettiModifier.swift */; };
		0B32B6D32A71A1FE002FAA8B /* AppDelegate.swift in Sources */ = {isa = PBXBuildFile; fileRef = 0B32B6D22A71A1FE002FAA8B /* AppDelegate.swift */; };
		0B32B6D52A71A1FE002FAA8B /* SceneDelegate.swift in Sources */ = {isa = PBXBuildFile; fileRef = 0B32B6D42A71A1FE002FAA8B /* SceneDelegate.swift */; };
		0B32B6D72A71A1FE002FAA8B /* ViewController.swift in Sources */ = {isa = PBXBuildFile; fileRef = 0B32B6D62A71A1FE002FAA8B /* ViewController.swift */; };
		0B32B6DA2A71A1FE002FAA8B /* Main.storyboard in Resources */ = {isa = PBXBuildFile; fileRef = 0B32B6D82A71A1FE002FAA8B /* Main.storyboard */; };
		0B32B6DC2A71A200002FAA8B /* Assets.xcassets in Resources */ = {isa = PBXBuildFile; fileRef = 0B32B6DB2A71A200002FAA8B /* Assets.xcassets */; };
		0B32B6DF2A71A200002FAA8B /* LaunchScreen.storyboard in Resources */ = {isa = PBXBuildFile; fileRef = 0B32B6DD2A71A200002FAA8B /* LaunchScreen.storyboard */; };
		0B32B6E92A71A6D5002FAA8B /* CustomCell.swift in Sources */ = {isa = PBXBuildFile; fileRef = 0B32B6E72A71A6D5002FAA8B /* CustomCell.swift */; };
		0B32B6EA2A71A6D5002FAA8B /* CustomCell.xib in Resources */ = {isa = PBXBuildFile; fileRef = 0B32B6E82A71A6D5002FAA8B /* CustomCell.xib */; };
		0B69D64C2A72CB01005C8E23 /* DishViewController.swift in Sources */ = {isa = PBXBuildFile; fileRef = 0B69D64B2A72CB01005C8E23 /* DishViewController.swift */; };
		0B746DF02A71B5D8003DA243 /* UIViewExtensions.swift in Sources */ = {isa = PBXBuildFile; fileRef = 0B746DEF2A71B5D8003DA243 /* UIViewExtensions.swift */; };
		0B746DF22A72671B003DA243 /* UIColorExtensions.swift in Sources */ = {isa = PBXBuildFile; fileRef = 0B746DF12A72671B003DA243 /* UIColorExtensions.swift */; };
		0B746DF42A726938003DA243 /* UITableViewExtensions.swift in Sources */ = {isa = PBXBuildFile; fileRef = 0B746DF32A726938003DA243 /* UITableViewExtensions.swift */; };
		0B746DF62A726A9D003DA243 /* CircularLabel.swift in Sources */ = {isa = PBXBuildFile; fileRef = 0B746DF52A726A9D003DA243 /* CircularLabel.swift */; };
		0BF7A9922A72CCB9005E6127 /* Dish.swift in Sources */ = {isa = PBXBuildFile; fileRef = 0BF7A9912A72CCB9005E6127 /* Dish.swift */; };
		0BF7A9942A72D662005E6127 /* GlobalConstants.swift in Sources */ = {isa = PBXBuildFile; fileRef = 0BF7A9932A72D662005E6127 /* GlobalConstants.swift */; };
		0BF7A9962A72D83B005E6127 /* CardTransition.swift in Sources */ = {isa = PBXBuildFile; fileRef = 0BF7A9952A72D83B005E6127 /* CardTransition.swift */; };
		0BF7A9992A72D886005E6127 /* PresentCardAnimator.swift in Sources */ = {isa = PBXBuildFile; fileRef = 0BF7A9982A72D886005E6127 /* PresentCardAnimator.swift */; };
		0BF7A99B2A72DA7E005E6127 /* DismissCardAnimator.swift in Sources */ = {isa = PBXBuildFile; fileRef = 0BF7A99A2A72DA7E005E6127 /* DismissCardAnimator.swift */; };
		0BF7A99D2A72DB0E005E6127 /* CardPresentationController.swift in Sources */ = {isa = PBXBuildFile; fileRef = 0BF7A99C2A72DB0E005E6127 /* CardPresentationController.swift */; };
/* End PBXBuildFile section */

/* Begin PBXFileReference section */
		0B256AFC2A73E2F100D9AADC /* SPConfetti.swift */ = {isa = PBXFileReference; fileEncoding = 4; lastKnownFileType = sourcecode.swift; path = SPConfetti.swift; sourceTree = "<group>"; };
		0B256AFD2A73E2F100D9AADC /* SPConfettiDelegate.swift */ = {isa = PBXFileReference; fileEncoding = 4; lastKnownFileType = sourcecode.swift; path = SPConfettiDelegate.swift; sourceTree = "<group>"; };
		0B256AFF2A73E2F100D9AADC /* Assets.xcassets */ = {isa = PBXFileReference; lastKnownFileType = folder.assetcatalog; path = Assets.xcassets; sourceTree = "<group>"; };
		0B256B012A73E2F100D9AADC /* SPConfettiConfiguration.swift */ = {isa = PBXFileReference; fileEncoding = 4; lastKnownFileType = sourcecode.swift; path = SPConfettiConfiguration.swift; sourceTree = "<group>"; };
		0B256B022A73E2F100D9AADC /* SPConfettiParticle.swift */ = {isa = PBXFileReference; fileEncoding = 4; lastKnownFileType = sourcecode.swift; path = SPConfettiParticle.swift; sourceTree = "<group>"; };
		0B256B032A73E2F100D9AADC /* SPConfettiAnimation.swift */ = {isa = PBXFileReference; fileEncoding = 4; lastKnownFileType = sourcecode.swift; path = SPConfettiAnimation.swift; sourceTree = "<group>"; };
		0B256B042A73E2F100D9AADC /* SPConfettiParticlesConfig.swift */ = {isa = PBXFileReference; fileEncoding = 4; lastKnownFileType = sourcecode.swift; path = SPConfettiParticlesConfig.swift; sourceTree = "<group>"; };
		0B256B062A73E2F100D9AADC /* Delay.swift */ = {isa = PBXFileReference; fileEncoding = 4; lastKnownFileType = sourcecode.swift; path = Delay.swift; sourceTree = "<group>"; };
		0B256B072A73E2F100D9AADC /* UIImageExtension.swift */ = {isa = PBXFileReference; fileEncoding = 4; lastKnownFileType = sourcecode.swift; path = UIImageExtension.swift; sourceTree = "<group>"; };
		0B256B082A73E2F100D9AADC /* SPConfettiView.swift */ = {isa = PBXFileReference; fileEncoding = 4; lastKnownFileType = sourcecode.swift; path = SPConfettiView.swift; sourceTree = "<group>"; };
		0B256B0A2A73E2F100D9AADC /* Images.swift */ = {isa = PBXFileReference; fileEncoding = 4; lastKnownFileType = sourcecode.swift; path = Images.swift; sourceTree = "<group>"; };
		0B256B0C2A73E2F100D9AADC /* SPConfettiModifier.swift */ = {isa = PBXFileReference; fileEncoding = 4; lastKnownFileType = sourcecode.swift; path = SPConfettiModifier.swift; sourceTree = "<group>"; };
		0B32B6CF2A71A1FE002FAA8B /* Luxury Dishes.app */ = {isa = PBXFileReference; explicitFileType = wrapper.application; includeInIndex = 0; path = "Luxury Dishes.app"; sourceTree = BUILT_PRODUCTS_DIR; };
		0B32B6D22A71A1FE002FAA8B /* AppDelegate.swift */ = {isa = PBXFileReference; lastKnownFileType = sourcecode.swift; path = AppDelegate.swift; sourceTree = "<group>"; };
		0B32B6D42A71A1FE002FAA8B /* SceneDelegate.swift */ = {isa = PBXFileReference; lastKnownFileType = sourcecode.swift; path = SceneDelegate.swift; sourceTree = "<group>"; };
		0B32B6D62A71A1FE002FAA8B /* ViewController.swift */ = {isa = PBXFileReference; lastKnownFileType = sourcecode.swift; path = ViewController.swift; sourceTree = "<group>"; };
		0B32B6D92A71A1FE002FAA8B /* Base */ = {isa = PBXFileReference; lastKnownFileType = file.storyboard; name = Base; path = Base.lproj/Main.storyboard; sourceTree = "<group>"; };
		0B32B6DB2A71A200002FAA8B /* Assets.xcassets */ = {isa = PBXFileReference; lastKnownFileType = folder.assetcatalog; path = Assets.xcassets; sourceTree = "<group>"; };
		0B32B6DE2A71A200002FAA8B /* Base */ = {isa = PBXFileReference; lastKnownFileType = file.storyboard; name = Base; path = Base.lproj/LaunchScreen.storyboard; sourceTree = "<group>"; };
		0B32B6E02A71A200002FAA8B /* Info.plist */ = {isa = PBXFileReference; lastKnownFileType = text.plist.xml; path = Info.plist; sourceTree = "<group>"; };
		0B32B6E72A71A6D5002FAA8B /* CustomCell.swift */ = {isa = PBXFileReference; lastKnownFileType = sourcecode.swift; path = CustomCell.swift; sourceTree = "<group>"; };
		0B32B6E82A71A6D5002FAA8B /* CustomCell.xib */ = {isa = PBXFileReference; lastKnownFileType = file.xib; path = CustomCell.xib; sourceTree = "<group>"; };
		0B69D64B2A72CB01005C8E23 /* DishViewController.swift */ = {isa = PBXFileReference; lastKnownFileType = sourcecode.swift; path = DishViewController.swift; sourceTree = "<group>"; };
		0B746DEF2A71B5D8003DA243 /* UIViewExtensions.swift */ = {isa = PBXFileReference; lastKnownFileType = sourcecode.swift; path = UIViewExtensions.swift; sourceTree = "<group>"; };
		0B746DF12A72671B003DA243 /* UIColorExtensions.swift */ = {isa = PBXFileReference; lastKnownFileType = sourcecode.swift; path = UIColorExtensions.swift; sourceTree = "<group>"; };
		0B746DF32A726938003DA243 /* UITableViewExtensions.swift */ = {isa = PBXFileReference; lastKnownFileType = sourcecode.swift; path = UITableViewExtensions.swift; sourceTree = "<group>"; };
		0B746DF52A726A9D003DA243 /* CircularLabel.swift */ = {isa = PBXFileReference; lastKnownFileType = sourcecode.swift; path = CircularLabel.swift; sourceTree = "<group>"; };
		0BF7A9912A72CCB9005E6127 /* Dish.swift */ = {isa = PBXFileReference; lastKnownFileType = sourcecode.swift; path = Dish.swift; sourceTree = "<group>"; };
		0BF7A9932A72D662005E6127 /* GlobalConstants.swift */ = {isa = PBXFileReference; lastKnownFileType = sourcecode.swift; path = GlobalConstants.swift; sourceTree = "<group>"; };
		0BF7A9952A72D83B005E6127 /* CardTransition.swift */ = {isa = PBXFileReference; lastKnownFileType = sourcecode.swift; path = CardTransition.swift; sourceTree = "<group>"; };
		0BF7A9982A72D886005E6127 /* PresentCardAnimator.swift */ = {isa = PBXFileReference; lastKnownFileType = sourcecode.swift; path = PresentCardAnimator.swift; sourceTree = "<group>"; };
		0BF7A99A2A72DA7E005E6127 /* DismissCardAnimator.swift */ = {isa = PBXFileReference; lastKnownFileType = sourcecode.swift; path = DismissCardAnimator.swift; sourceTree = "<group>"; };
		0BF7A99C2A72DB0E005E6127 /* CardPresentationController.swift */ = {isa = PBXFileReference; lastKnownFileType = sourcecode.swift; path = CardPresentationController.swift; sourceTree = "<group>"; };
/* End PBXFileReference section */

/* Begin PBXFrameworksBuildPhase section */
		0B32B6CC2A71A1FE002FAA8B /* Frameworks */ = {
			isa = PBXFrameworksBuildPhase;
			buildActionMask = 2147483647;
			files = (
			);
			runOnlyForDeploymentPostprocessing = 0;
		};
/* End PBXFrameworksBuildPhase section */

/* Begin PBXGroup section */
		0B256AFB2A73E2F100D9AADC /* SPConfetti */ = {
			isa = PBXGroup;
			children = (
				0B256AFC2A73E2F100D9AADC /* SPConfetti.swift */,
				0B256AFD2A73E2F100D9AADC /* SPConfettiDelegate.swift */,
				0B256AFE2A73E2F100D9AADC /* Resources */,
				0B256B002A73E2F100D9AADC /* Models */,
				0B256B052A73E2F100D9AADC /* Extensions */,
				0B256B082A73E2F100D9AADC /* SPConfettiView.swift */,
				0B256B092A73E2F100D9AADC /* Services */,
				0B256B0B2A73E2F100D9AADC /* SwiftUI */,
			);
			path = SPConfetti;
			sourceTree = "<group>";
		};
		0B256AFE2A73E2F100D9AADC /* Resources */ = {
			isa = PBXGroup;
			children = (
				0B256AFF2A73E2F100D9AADC /* Assets.xcassets */,
			);
			path = Resources;
			sourceTree = "<group>";
		};
		0B256B002A73E2F100D9AADC /* Models */ = {
			isa = PBXGroup;
			children = (
				0B256B012A73E2F100D9AADC /* SPConfettiConfiguration.swift */,
				0B256B022A73E2F100D9AADC /* SPConfettiParticle.swift */,
				0B256B032A73E2F100D9AADC /* SPConfettiAnimation.swift */,
				0B256B042A73E2F100D9AADC /* SPConfettiParticlesConfig.swift */,
			);
			path = Models;
			sourceTree = "<group>";
		};
		0B256B052A73E2F100D9AADC /* Extensions */ = {
			isa = PBXGroup;
			children = (
				0B256B062A73E2F100D9AADC /* Delay.swift */,
				0B256B072A73E2F100D9AADC /* UIImageExtension.swift */,
			);
			path = Extensions;
			sourceTree = "<group>";
		};
		0B256B092A73E2F100D9AADC /* Services */ = {
			isa = PBXGroup;
			children = (
				0B256B0A2A73E2F100D9AADC /* Images.swift */,
			);
			path = Services;
			sourceTree = "<group>";
		};
		0B256B0B2A73E2F100D9AADC /* SwiftUI */ = {
			isa = PBXGroup;
			children = (
				0B256B0C2A73E2F100D9AADC /* SPConfettiModifier.swift */,
			);
			path = SwiftUI;
			sourceTree = "<group>";
		};
		0B32B6C62A71A1FE002FAA8B = {
			isa = PBXGroup;
			children = (
				0B32B6D12A71A1FE002FAA8B /* Luxury Dishes */,
				0B32B6D02A71A1FE002FAA8B /* Products */,
			);
			sourceTree = "<group>";
		};
		0B32B6D02A71A1FE002FAA8B /* Products */ = {
			isa = PBXGroup;
			children = (
				0B32B6CF2A71A1FE002FAA8B /* Luxury Dishes.app */,
			);
			name = Products;
			sourceTree = "<group>";
		};
		0B32B6D12A71A1FE002FAA8B /* Luxury Dishes */ = {
			isa = PBXGroup;
			children = (
				0BF7A9902A72CCAE005E6127 /* Models */,
				0B746DEE2A71B5CA003DA243 /* Helpers */,
				0B32B6E62A71A6B2002FAA8B /* CustomCell */,
				0B69D64A2A72CAA9005C8E23 /* Controllers */,
				0B32B6D42A71A1FE002FAA8B /* SceneDelegate.swift */,
				0B32B6D22A71A1FE002FAA8B /* AppDelegate.swift */,
				0B32B6D82A71A1FE002FAA8B /* Main.storyboard */,
				0B32B6DB2A71A200002FAA8B /* Assets.xcassets */,
				0B32B6DD2A71A200002FAA8B /* LaunchScreen.storyboard */,
				0B32B6E02A71A200002FAA8B /* Info.plist */,
			);
			path = "Luxury Dishes";
			sourceTree = "<group>";
		};
		0B32B6E62A71A6B2002FAA8B /* CustomCell */ = {
			isa = PBXGroup;
			children = (
				0B32B6E72A71A6D5002FAA8B /* CustomCell.swift */,
				0B32B6E82A71A6D5002FAA8B /* CustomCell.xib */,
			);
			path = CustomCell;
			sourceTree = "<group>";
		};
		0B69D64A2A72CAA9005C8E23 /* Controllers */ = {
			isa = PBXGroup;
			children = (
				0B32B6D62A71A1FE002FAA8B /* ViewController.swift */,
				0B69D64B2A72CB01005C8E23 /* DishViewController.swift */,
			);
			path = Controllers;
			sourceTree = "<group>";
		};
		0B746DEE2A71B5CA003DA243 /* Helpers */ = {
			isa = PBXGroup;
			children = (
				0B256AFB2A73E2F100D9AADC /* SPConfetti */,
				0BF7A9972A72D872005E6127 /* TransitionAnimations */,
				0B746DEF2A71B5D8003DA243 /* UIViewExtensions.swift */,
				0B746DF12A72671B003DA243 /* UIColorExtensions.swift */,
				0B746DF32A726938003DA243 /* UITableViewExtensions.swift */,
				0B746DF52A726A9D003DA243 /* CircularLabel.swift */,
				0BF7A9932A72D662005E6127 /* GlobalConstants.swift */,
			);
			path = Helpers;
			sourceTree = "<group>";
		};
		0BF7A9902A72CCAE005E6127 /* Models */ = {
			isa = PBXGroup;
			children = (
				0BF7A9912A72CCB9005E6127 /* Dish.swift */,
			);
			path = Models;
			sourceTree = "<group>";
		};
		0BF7A9972A72D872005E6127 /* TransitionAnimations */ = {
			isa = PBXGroup;
			children = (
				0BF7A9952A72D83B005E6127 /* CardTransition.swift */,
				0BF7A9982A72D886005E6127 /* PresentCardAnimator.swift */,
				0BF7A99A2A72DA7E005E6127 /* DismissCardAnimator.swift */,
				0BF7A99C2A72DB0E005E6127 /* CardPresentationController.swift */,
			);
			path = TransitionAnimations;
			sourceTree = "<group>";
		};
/* End PBXGroup section */

/* Begin PBXNativeTarget section */
		0B32B6CE2A71A1FE002FAA8B /* Luxury Dishes */ = {
			isa = PBXNativeTarget;
			buildConfigurationList = 0B32B6E32A71A200002FAA8B /* Build configuration list for PBXNativeTarget "Luxury Dishes" */;
			buildPhases = (
				0B32B6CB2A71A1FE002FAA8B /* Sources */,
				0B32B6CC2A71A1FE002FAA8B /* Frameworks */,
				0B32B6CD2A71A1FE002FAA8B /* Resources */,
			);
			buildRules = (
			);
			dependencies = (
			);
			name = "Luxury Dishes";
			productName = "Luxury Dishes";
			productReference = 0B32B6CF2A71A1FE002FAA8B /* Luxury Dishes.app */;
			productType = "com.apple.product-type.application";
		};
/* End PBXNativeTarget section */

/* Begin PBXProject section */
		0B32B6C72A71A1FE002FAA8B /* Project object */ = {
			isa = PBXProject;
			attributes = {
				BuildIndependentTargetsInParallel = 1;
				LastSwiftUpdateCheck = 1420;
				LastUpgradeCheck = 1420;
				TargetAttributes = {
					0B32B6CE2A71A1FE002FAA8B = {
						CreatedOnToolsVersion = 14.2;
					};
				};
			};
			buildConfigurationList = 0B32B6CA2A71A1FE002FAA8B /* Build configuration list for PBXProject "Luxury Dishes" */;
			compatibilityVersion = "Xcode 14.0";
			developmentRegion = en;
			hasScannedForEncodings = 0;
			knownRegions = (
				en,
				Base,
			);
			mainGroup = 0B32B6C62A71A1FE002FAA8B;
			productRefGroup = 0B32B6D02A71A1FE002FAA8B /* Products */;
			projectDirPath = "";
			projectRoot = "";
			targets = (
				0B32B6CE2A71A1FE002FAA8B /* Luxury Dishes */,
			);
		};
/* End PBXProject section */

/* Begin PBXResourcesBuildPhase section */
		0B32B6CD2A71A1FE002FAA8B /* Resources */ = {
			isa = PBXResourcesBuildPhase;
			buildActionMask = 2147483647;
			files = (
				0B32B6DF2A71A200002FAA8B /* LaunchScreen.storyboard in Resources */,
				0B32B6DC2A71A200002FAA8B /* Assets.xcassets in Resources */,
				0B32B6EA2A71A6D5002FAA8B /* CustomCell.xib in Resources */,
				0B32B6DA2A71A1FE002FAA8B /* Main.storyboard in Resources */,
				0B256B0F2A73E2F100D9AADC /* Assets.xcassets in Resources */,
			);
			runOnlyForDeploymentPostprocessing = 0;
		};
/* End PBXResourcesBuildPhase section */

/* Begin PBXSourcesBuildPhase section */
		0B32B6CB2A71A1FE002FAA8B /* Sources */ = {
			isa = PBXSourcesBuildPhase;
			buildActionMask = 2147483647;
			files = (
				0B746DF02A71B5D8003DA243 /* UIViewExtensions.swift in Sources */,
				0B256B162A73E2F100D9AADC /* SPConfettiView.swift in Sources */,
				0B256B132A73E2F100D9AADC /* SPConfettiParticlesConfig.swift in Sources */,
				0B256B152A73E2F100D9AADC /* UIImageExtension.swift in Sources */,
				0BF7A9922A72CCB9005E6127 /* Dish.swift in Sources */,
				0B746DF42A726938003DA243 /* UITableViewExtensions.swift in Sources */,
				0B32B6D72A71A1FE002FAA8B /* ViewController.swift in Sources */,
				0BF7A9962A72D83B005E6127 /* CardTransition.swift in Sources */,
				0BF7A9992A72D886005E6127 /* PresentCardAnimator.swift in Sources */,
				0B746DF62A726A9D003DA243 /* CircularLabel.swift in Sources */,
				0BF7A9942A72D662005E6127 /* GlobalConstants.swift in Sources */,
				0B256B0E2A73E2F100D9AADC /* SPConfettiDelegate.swift in Sources */,
				0B32B6D32A71A1FE002FAA8B /* AppDelegate.swift in Sources */,
				0B256B142A73E2F100D9AADC /* Delay.swift in Sources */,
				0B69D64C2A72CB01005C8E23 /* DishViewController.swift in Sources */,
				0B256B102A73E2F100D9AADC /* SPConfettiConfiguration.swift in Sources */,
				0B256B0D2A73E2F100D9AADC /* SPConfetti.swift in Sources */,
				0B746DF22A72671B003DA243 /* UIColorExtensions.swift in Sources */,
				0B32B6E92A71A6D5002FAA8B /* CustomCell.swift in Sources */,
				0B256B182A73E2F100D9AADC /* SPConfettiModifier.swift in Sources */,
				0B256B122A73E2F100D9AADC /* SPConfettiAnimation.swift in Sources */,
				0BF7A99D2A72DB0E005E6127 /* CardPresentationController.swift in Sources */,
				0B256B112A73E2F100D9AADC /* SPConfettiParticle.swift in Sources */,
				0B256B172A73E2F100D9AADC /* Images.swift in Sources */,
				0B32B6D52A71A1FE002FAA8B /* SceneDelegate.swift in Sources */,
				0BF7A99B2A72DA7E005E6127 /* DismissCardAnimator.swift in Sources */,
			);
			runOnlyForDeploymentPostprocessing = 0;
		};
/* End PBXSourcesBuildPhase section */

/* Begin PBXVariantGroup section */
		0B32B6D82A71A1FE002FAA8B /* Main.storyboard */ = {
			isa = PBXVariantGroup;
			children = (
				0B32B6D92A71A1FE002FAA8B /* Base */,
			);
			name = Main.storyboard;
			sourceTree = "<group>";
		};
		0B32B6DD2A71A200002FAA8B /* LaunchScreen.storyboard */ = {
			isa = PBXVariantGroup;
			children = (
				0B32B6DE2A71A200002FAA8B /* Base */,
			);
			name = LaunchScreen.storyboard;
			sourceTree = "<group>";
		};
/* End PBXVariantGroup section */

/* Begin XCBuildConfiguration section */
		0B32B6E12A71A200002FAA8B /* Debug */ = {
			isa = XCBuildConfiguration;
			buildSettings = {
				ALWAYS_SEARCH_USER_PATHS = NO;
				CLANG_ANALYZER_NONNULL = YES;
				CLANG_ANALYZER_NUMBER_OBJECT_CONVERSION = YES_AGGRESSIVE;
				CLANG_CXX_LANGUAGE_STANDARD = "gnu++20";
				CLANG_ENABLE_MODULES = YES;
				CLANG_ENABLE_OBJC_ARC = YES;
				CLANG_ENABLE_OBJC_WEAK = YES;
				CLANG_WARN_BLOCK_CAPTURE_AUTORELEASING = YES;
				CLANG_WARN_BOOL_CONVERSION = YES;
				CLANG_WARN_COMMA = YES;
				CLANG_WARN_CONSTANT_CONVERSION = YES;
				CLANG_WARN_DEPRECATED_OBJC_IMPLEMENTATIONS = YES;
				CLANG_WARN_DIRECT_OBJC_ISA_USAGE = YES_ERROR;
				CLANG_WARN_DOCUMENTATION_COMMENTS = YES;
				CLANG_WARN_EMPTY_BODY = YES;
				CLANG_WARN_ENUM_CONVERSION = YES;
				CLANG_WARN_INFINITE_RECURSION = YES;
				CLANG_WARN_INT_CONVERSION = YES;
				CLANG_WARN_NON_LITERAL_NULL_CONVERSION = YES;
				CLANG_WARN_OBJC_IMPLICIT_RETAIN_SELF = YES;
				CLANG_WARN_OBJC_LITERAL_CONVERSION = YES;
				CLANG_WARN_OBJC_ROOT_CLASS = YES_ERROR;
				CLANG_WARN_QUOTED_INCLUDE_IN_FRAMEWORK_HEADER = YES;
				CLANG_WARN_RANGE_LOOP_ANALYSIS = YES;
				CLANG_WARN_STRICT_PROTOTYPES = YES;
				CLANG_WARN_SUSPICIOUS_MOVE = YES;
				CLANG_WARN_UNGUARDED_AVAILABILITY = YES_AGGRESSIVE;
				CLANG_WARN_UNREACHABLE_CODE = YES;
				CLANG_WARN__DUPLICATE_METHOD_MATCH = YES;
				COPY_PHASE_STRIP = NO;
				DEBUG_INFORMATION_FORMAT = dwarf;
				ENABLE_STRICT_OBJC_MSGSEND = YES;
				ENABLE_TESTABILITY = YES;
				GCC_C_LANGUAGE_STANDARD = gnu11;
				GCC_DYNAMIC_NO_PIC = NO;
				GCC_NO_COMMON_BLOCKS = YES;
				GCC_OPTIMIZATION_LEVEL = 0;
				GCC_PREPROCESSOR_DEFINITIONS = (
					"DEBUG=1",
					"$(inherited)",
				);
				GCC_WARN_64_TO_32_BIT_CONVERSION = YES;
				GCC_WARN_ABOUT_RETURN_TYPE = YES_ERROR;
				GCC_WARN_UNDECLARED_SELECTOR = YES;
				GCC_WARN_UNINITIALIZED_AUTOS = YES_AGGRESSIVE;
				GCC_WARN_UNUSED_FUNCTION = YES;
				GCC_WARN_UNUSED_VARIABLE = YES;
				IPHONEOS_DEPLOYMENT_TARGET = 14.0;
				MTL_ENABLE_DEBUG_INFO = INCLUDE_SOURCE;
				MTL_FAST_MATH = YES;
				ONLY_ACTIVE_ARCH = YES;
				SDKROOT = iphoneos;
				SWIFT_ACTIVE_COMPILATION_CONDITIONS = DEBUG;
				SWIFT_OPTIMIZATION_LEVEL = "-Onone";
			};
			name = Debug;
		};
		0B32B6E22A71A200002FAA8B /* Release */ = {
			isa = XCBuildConfiguration;
			buildSettings = {
				ALWAYS_SEARCH_USER_PATHS = NO;
				CLANG_ANALYZER_NONNULL = YES;
				CLANG_ANALYZER_NUMBER_OBJECT_CONVERSION = YES_AGGRESSIVE;
				CLANG_CXX_LANGUAGE_STANDARD = "gnu++20";
				CLANG_ENABLE_MODULES = YES;
				CLANG_ENABLE_OBJC_ARC = YES;
				CLANG_ENABLE_OBJC_WEAK = YES;
				CLANG_WARN_BLOCK_CAPTURE_AUTORELEASING = YES;
				CLANG_WARN_BOOL_CONVERSION = YES;
				CLANG_WARN_COMMA = YES;
				CLANG_WARN_CONSTANT_CONVERSION = YES;
				CLANG_WARN_DEPRECATED_OBJC_IMPLEMENTATIONS = YES;
				CLANG_WARN_DIRECT_OBJC_ISA_USAGE = YES_ERROR;
				CLANG_WARN_DOCUMENTATION_COMMENTS = YES;
				CLANG_WARN_EMPTY_BODY = YES;
				CLANG_WARN_ENUM_CONVERSION = YES;
				CLANG_WARN_INFINITE_RECURSION = YES;
				CLANG_WARN_INT_CONVERSION = YES;
				CLANG_WARN_NON_LITERAL_NULL_CONVERSION = YES;
				CLANG_WARN_OBJC_IMPLICIT_RETAIN_SELF = YES;
				CLANG_WARN_OBJC_LITERAL_CONVERSION = YES;
				CLANG_WARN_OBJC_ROOT_CLASS = YES_ERROR;
				CLANG_WARN_QUOTED_INCLUDE_IN_FRAMEWORK_HEADER = YES;
				CLANG_WARN_RANGE_LOOP_ANALYSIS = YES;
				CLANG_WARN_STRICT_PROTOTYPES = YES;
				CLANG_WARN_SUSPICIOUS_MOVE = YES;
				CLANG_WARN_UNGUARDED_AVAILABILITY = YES_AGGRESSIVE;
				CLANG_WARN_UNREACHABLE_CODE = YES;
				CLANG_WARN__DUPLICATE_METHOD_MATCH = YES;
				COPY_PHASE_STRIP = NO;
				DEBUG_INFORMATION_FORMAT = "dwarf-with-dsym";
				ENABLE_NS_ASSERTIONS = NO;
				ENABLE_STRICT_OBJC_MSGSEND = YES;
				GCC_C_LANGUAGE_STANDARD = gnu11;
				GCC_NO_COMMON_BLOCKS = YES;
				GCC_WARN_64_TO_32_BIT_CONVERSION = YES;
				GCC_WARN_ABOUT_RETURN_TYPE = YES_ERROR;
				GCC_WARN_UNDECLARED_SELECTOR = YES;
				GCC_WARN_UNINITIALIZED_AUTOS = YES_AGGRESSIVE;
				GCC_WARN_UNUSED_FUNCTION = YES;
				GCC_WARN_UNUSED_VARIABLE = YES;
				IPHONEOS_DEPLOYMENT_TARGET = 14.0;
				MTL_ENABLE_DEBUG_INFO = NO;
				MTL_FAST_MATH = YES;
				SDKROOT = iphoneos;
				SWIFT_COMPILATION_MODE = wholemodule;
				SWIFT_OPTIMIZATION_LEVEL = "-O";
				VALIDATE_PRODUCT = YES;
			};
			name = Release;
		};
		0B32B6E42A71A200002FAA8B /* Debug */ = {
			isa = XCBuildConfiguration;
			buildSettings = {
				ASSETCATALOG_COMPILER_APPICON_NAME = AppIcon;
				ASSETCATALOG_COMPILER_GLOBAL_ACCENT_COLOR_NAME = AccentColor;
				CODE_SIGN_STYLE = Automatic;
				CURRENT_PROJECT_VERSION = 1;
				DEVELOPMENT_TEAM = 63BQPADX5U;
				GENERATE_INFOPLIST_FILE = YES;
				INFOPLIST_FILE = "Luxury Dishes/Info.plist";
				INFOPLIST_KEY_UIApplicationSupportsIndirectInputEvents = YES;
				INFOPLIST_KEY_UILaunchStoryboardName = LaunchScreen;
				INFOPLIST_KEY_UIMainStoryboardFile = Main;
				INFOPLIST_KEY_UISupportedInterfaceOrientations = UIInterfaceOrientationPortrait;
				INFOPLIST_KEY_WKRunsIndependentlyOfCompanionApp = YES;
				IPHONEOS_DEPLOYMENT_TARGET = 14.0;
				LD_RUNPATH_SEARCH_PATHS = (
					"$(inherited)",
					"@executable_path/Frameworks",
				);
				MARKETING_VERSION = 1.0.0;
				PRODUCT_BUNDLE_IDENTIFIER = "com.ahmadreza.Luxury-Dishes";
				PRODUCT_NAME = "$(TARGET_NAME)";
				SUPPORTED_PLATFORMS = "iphoneos iphonesimulator";
				SUPPORTS_MACCATALYST = NO;
				SUPPORTS_MAC_DESIGNED_FOR_IPHONE_IPAD = NO;
				SWIFT_EMIT_LOC_STRINGS = YES;
				SWIFT_VERSION = 5.0;
				TARGETED_DEVICE_FAMILY = 1;
			};
			name = Debug;
		};
		0B32B6E52A71A200002FAA8B /* Release */ = {
			isa = XCBuildConfiguration;
			buildSettings = {
				ASSETCATALOG_COMPILER_APPICON_NAME = AppIcon;
				ASSETCATALOG_COMPILER_GLOBAL_ACCENT_COLOR_NAME = AccentColor;
				CODE_SIGN_STYLE = Automatic;
				CURRENT_PROJECT_VERSION = 1;
				DEVELOPMENT_TEAM = 63BQPADX5U;
				GENERATE_INFOPLIST_FILE = YES;
				INFOPLIST_FILE = "Luxury Dishes/Info.plist";
				INFOPLIST_KEY_UIApplicationSupportsIndirectInputEvents = YES;
				INFOPLIST_KEY_UILaunchStoryboardName = LaunchScreen;
				INFOPLIST_KEY_UIMainStoryboardFile = Main;
				INFOPLIST_KEY_UISupportedInterfaceOrientations = UIInterfaceOrientationPortrait;
				INFOPLIST_KEY_WKRunsIndependentlyOfCompanionApp = YES;
				IPHONEOS_DEPLOYMENT_TARGET = 14.0;
				LD_RUNPATH_SEARCH_PATHS = (
					"$(inherited)",
					"@executable_path/Frameworks",
				);
				MARKETING_VERSION = 1.0.0;
				PRODUCT_BUNDLE_IDENTIFIER = "com.ahmadreza.Luxury-Dishes";
				PRODUCT_NAME = "$(TARGET_NAME)";
				SUPPORTED_PLATFORMS = "iphoneos iphonesimulator";
				SUPPORTS_MACCATALYST = NO;
				SUPPORTS_MAC_DESIGNED_FOR_IPHONE_IPAD = NO;
				SWIFT_EMIT_LOC_STRINGS = YES;
				SWIFT_VERSION = 5.0;
				TARGETED_DEVICE_FAMILY = 1;
			};
			name = Release;
		};
/* End XCBuildConfiguration section */

/* Begin XCConfigurationList section */
		0B32B6CA2A71A1FE002FAA8B /* Build configuration list for PBXProject "Luxury Dishes" */ = {
			isa = XCConfigurationList;
			buildConfigurations = (
				0B32B6E12A71A200002FAA8B /* Debug */,
				0B32B6E22A71A200002FAA8B /* Release */,
			);
			defaultConfigurationIsVisible = 0;
			defaultConfigurationName = Release;
		};
		0B32B6E32A71A200002FAA8B /* Build configuration list for PBXNativeTarget "Luxury Dishes" */ = {
			isa = XCConfigurationList;
			buildConfigurations = (
				0B32B6E42A71A200002FAA8B /* Debug */,
				0B32B6E52A71A200002FAA8B /* Release */,
			);
			defaultConfigurationIsVisible = 0;
			defaultConfigurationName = Release;
		};
/* End XCConfigurationList section */
	};
	rootObject = 0B32B6C72A71A1FE002FAA8B /* Project object */;
}
